
Microsoft Visual Studio Solution File, Format Version 12.00
# Visual Studio Version 17
VisualStudioVersion = 17.4.33122.133
MinimumVisualStudioVersion = 10.0.40219.1
Project("{FAE04EC0-301F-11D3-BF4B-00C04F79EFBC}") = "Async_Project", "Async_Project.csproj", "{068B3D42-8D8D-4CA3-AE5E-C63AC3706EBE}"
EndProject
Global
	GlobalSection(SolutionConfigurationPlatforms) = preSolution
		Debug|Any CPU = Debug|Any CPU
		Release|Any CPU = Release|Any CPU
	EndGlobalSection
	GlobalSection(ProjectConfigurationPlatforms) = postSolution
		{068B3D42-8D8D-4CA3-AE5E-C63AC3706EBE}.Debug|Any CPU.ActiveCfg = Debug|Any CPU
		{068B3D42-8D8D-4CA3-AE5E-C63AC3706EBE}.Debug|Any CPU.Build.0 = Debug|Any CPU
		{068B3D42-8D8D-4CA3-AE5E-C63AC3706EBE}.Release|Any CPU.ActiveCfg = Release|Any CPU
		{068B3D42-8D8D-4CA3-AE5E-C63AC3706EBE}.Release|Any CPU.Build.0 = Release|Any CPU
	EndGlobalSection
	GlobalSection(SolutionProperties) = preSolution
		HideSolutionNode = FALSE
	EndGlobalSection
	GlobalSection(ExtensibilityGlobals) = postSolution
		SolutionGuid = {B8242AEE-2F23-48AF-A649-0D0D56366A93}
	EndGlobalSection
EndGlobal
